
Microsoft Visual Studio Solution File, Format Version 12.00
# Visual Studio Version 16
VisualStudioVersion = 16.0.30406.217
MinimumVisualStudioVersion = 10.0.40219.1
Project("{9A19103F-16F7-4668-BE54-9A1E7A4F7556}") = "BookListRazor", "BookListRazor\BookListRazor.csproj", "{9B15D921-08C9-44C8-93D3-96C31578CA33}"
EndProject
Global
	GlobalSection(SolutionConfigurationPlatforms) = preSolution
		Debug|Any CPU = Debug|Any CPU
		Release|Any CPU = Release|Any CPU
	EndGlobalSection
	GlobalSection(ProjectConfigurationPlatforms) = postSolution
		{9B15D921-08C9-44C8-93D3-96C31578CA33}.Debug|Any CPU.ActiveCfg = Debug|Any CPU
		{9B15D921-08C9-44C8-93D3-96C31578CA33}.Debug|Any CPU.Build.0 = Debug|Any CPU
		{9B15D921-08C9-44C8-93D3-96C31578CA33}.Release|Any CPU.ActiveCfg = Release|Any CPU
		{9B15D921-08C9-44C8-93D3-96C31578CA33}.Release|Any CPU.Build.0 = Release|Any CPU
	EndGlobalSection
	GlobalSection(SolutionProperties) = preSolution
		HideSolutionNode = FALSE
	EndGlobalSection
	GlobalSection(ExtensibilityGlobals) = postSolution
		SolutionGuid = {CEEF0AC6-B3E0-43A7-8C5A-2E14C34693A0}
	EndGlobalSection
EndGlobal
